
Microsoft Visual Studio Solution File, Format Version 12.00
# Visual Studio Version 17
VisualStudioVersion = 17.11.35327.3
MinimumVisualStudioVersion = 10.0.40219.1
Project("{FAE04EC0-301F-11D3-BF4B-00C04F79EFBC}") = "Danciu_Alexandra_Lab1", "Danciu_Alexandra_Lab1.csproj", "{74C54619-BA87-4BC7-8722-7426ACC7AD13}"
EndProject
Global
	GlobalSection(SolutionConfigurationPlatforms) = preSolution
		Debug|Any CPU = Debug|Any CPU
		Release|Any CPU = Release|Any CPU
	EndGlobalSection
	GlobalSection(ProjectConfigurationPlatforms) = postSolution
		{74C54619-BA87-4BC7-8722-7426ACC7AD13}.Debug|Any CPU.ActiveCfg = Debug|Any CPU
		{74C54619-BA87-4BC7-8722-7426ACC7AD13}.Debug|Any CPU.Build.0 = Debug|Any CPU
		{74C54619-BA87-4BC7-8722-7426ACC7AD13}.Release|Any CPU.ActiveCfg = Release|Any CPU
		{74C54619-BA87-4BC7-8722-7426ACC7AD13}.Release|Any CPU.Build.0 = Release|Any CPU
	EndGlobalSection
	GlobalSection(SolutionProperties) = preSolution
		HideSolutionNode = FALSE
	EndGlobalSection
	GlobalSection(ExtensibilityGlobals) = postSolution
		SolutionGuid = {9579A60B-7A22-4C63-A95C-8FDC10BEEAF7}
	EndGlobalSection
EndGlobal
